
Microsoft Visual Studio Solution File, Format Version 12.00
# Visual Studio 15
VisualStudioVersion = 15.0.28307.2092
MinimumVisualStudioVersion = 10.0.40219.1
Project("{8BC9CEB8-8B4A-11D0-8D11-00A0C91BC942}") = "HW6-1", "HW6-1\HW6-1.vcxproj", "{8FFAEBE2-9AE8-438E-ACA1-455C26E568AF}"
EndProject
Global
	GlobalSection(SolutionConfigurationPlatforms) = preSolution
		Debug|x64 = Debug|x64
		Debug|x86 = Debug|x86
		Release|x64 = Release|x64
		Release|x86 = Release|x86
	EndGlobalSection
	GlobalSection(ProjectConfigurationPlatforms) = postSolution
		{8FFAEBE2-9AE8-438E-ACA1-455C26E568AF}.Debug|x64.ActiveCfg = Debug|x64
		{8FFAEBE2-9AE8-438E-ACA1-455C26E568AF}.Debug|x64.Build.0 = Debug|x64
		{8FFAEBE2-9AE8-438E-ACA1-455C26E568AF}.Debug|x86.ActiveCfg = Debug|Win32
		{8FFAEBE2-9AE8-438E-ACA1-455C26E568AF}.Debug|x86.Build.0 = Debug|Win32
		{8FFAEBE2-9AE8-438E-ACA1-455C26E568AF}.Release|x64.ActiveCfg = Release|x64
		{8FFAEBE2-9AE8-438E-ACA1-455C26E568AF}.Release|x64.Build.0 = Release|x64
		{8FFAEBE2-9AE8-438E-ACA1-455C26E568AF}.Release|x86.ActiveCfg = Release|Win32
		{8FFAEBE2-9AE8-438E-ACA1-455C26E568AF}.Release|x86.Build.0 = Release|Win32
	EndGlobalSection
	GlobalSection(SolutionProperties) = preSolution
		HideSolutionNode = FALSE
	EndGlobalSection
	GlobalSection(ExtensibilityGlobals) = postSolution
		SolutionGuid = {A4ED6F5C-65FC-48FD-BCE5-455328A74A23}
	EndGlobalSection
EndGlobal
